
Microsoft Visual Studio Solution File, Format Version 12.00
# Visual Studio Version 16
VisualStudioVersion = 16.0.28729.10
MinimumVisualStudioVersion = 10.0.40219.1
Project("{FAE04EC0-301F-11D3-BF4B-00C04F79EFBC}") = "XF_Login.Android", "XF_Login\XF_Login.Android\XF_Login.Android.csproj", "{E042D3E9-53B5-43C3-8B19-26504BECEFA1}"
EndProject
Project("{FAE04EC0-301F-11D3-BF4B-00C04F79EFBC}") = "XF_Login.iOS", "XF_Login\XF_Login.iOS\XF_Login.iOS.csproj", "{40096324-F058-4A46-9060-098C235EFA0A}"
EndProject
Project("{9A19103F-16F7-4668-BE54-9A1E7A4F7556}") = "XF_Login", "XF_Login\XF_Login\XF_Login.csproj", "{8C44701E-69B6-40B1-B39D-60195CDCA2BF}"
EndProject
Project("{FAE04EC0-301F-11D3-BF4B-00C04F79EFBC}") = "XamAnimation.Android", "XamAnimation\XamAnimation.Android\XamAnimation.Android.csproj", "{7D662908-6F80-44E8-B40A-6F74D57D3EE8}"
EndProject
Project("{FAE04EC0-301F-11D3-BF4B-00C04F79EFBC}") = "XamAnimation.iOS", "XamAnimation\XamAnimation.iOS\XamAnimation.iOS.csproj", "{55641B16-C1B1-46A3-941B-459BDAC80B6A}"
EndProject
Project("{9A19103F-16F7-4668-BE54-9A1E7A4F7556}") = "XamAnimation", "XamAnimation\XamAnimation\XamAnimation.csproj", "{6C46F275-19CB-4DCE-816B-84366253CE20}"
EndProject
Project("{FAE04EC0-301F-11D3-BF4B-00C04F79EFBC}") = "SkiaSharp.Android", "SkiaSharp\SkiaSharp.Android\SkiaSharp.Android.csproj", "{874673E4-F0BA-4A90-817B-68FC53DE0F5A}"
EndProject
Project("{FAE04EC0-301F-11D3-BF4B-00C04F79EFBC}") = "SkiaSharp.iOS", "SkiaSharp\SkiaSharp.iOS\SkiaSharp.iOS.csproj", "{CF8A7C3C-216F-490E-A950-BBBEA683A8A4}"
EndProject
Project("{9A19103F-16F7-4668-BE54-9A1E7A4F7556}") = "SkiaSharp", "SkiaSharp\SkiaSharp\SkiaSharp.csproj", "{A4CC9324-4AF0-470D-A195-4D1D0D55F925}"
EndProject
Project("{FAE04EC0-301F-11D3-BF4B-00C04F79EFBC}") = "FreshMvvm.Android", "FreshMvvm\FreshMvvm.Android\FreshMvvm.Android.csproj", "{A4132AD3-9315-400B-9C02-3B5F8F1AC19F}"
EndProject
Project("{FAE04EC0-301F-11D3-BF4B-00C04F79EFBC}") = "FreshMvvm.iOS", "FreshMvvm\FreshMvvm.iOS\FreshMvvm.iOS.csproj", "{1F141757-737C-4728-9A19-3C74EE167C43}"
EndProject
Project("{9A19103F-16F7-4668-BE54-9A1E7A4F7556}") = "FreshMvvm", "FreshMvvm\FreshMvvm\FreshMvvm.csproj", "{489CBF89-9086-4710-8EBE-C32F32B35BFD}"
EndProject
Project("{FAE04EC0-301F-11D3-BF4B-00C04F79EFBC}") = "Lottie.Android", "Lottie\Lottie.Android\Lottie.Android.csproj", "{D08D8DF0-43DA-4C76-983C-1D0F55599EAD}"
EndProject
Project("{FAE04EC0-301F-11D3-BF4B-00C04F79EFBC}") = "Lottie.iOS", "Lottie\Lottie.iOS\Lottie.iOS.csproj", "{ACF367E5-D48E-4382-9E00-C3340A6F5561}"
EndProject
Project("{9A19103F-16F7-4668-BE54-9A1E7A4F7556}") = "Lottie", "Lottie\Lottie\Lottie.csproj", "{1EC7FFBD-0F20-41CA-98CE-A558D6CC9EDD}"
EndProject
Project("{FAE04EC0-301F-11D3-BF4B-00C04F79EFBC}") = "XFMaterial.Android", "XFMaterial\XFMaterial.Android\XFMaterial.Android.csproj", "{EF2722C9-185E-4D5A-A8E8-6115A202C010}"
EndProject
Project("{FAE04EC0-301F-11D3-BF4B-00C04F79EFBC}") = "XFMaterial.iOS", "XFMaterial\XFMaterial.iOS\XFMaterial.iOS.csproj", "{3BA70624-939C-4139-AB2E-C58F355E969F}"
EndProject
Project("{9A19103F-16F7-4668-BE54-9A1E7A4F7556}") = "XFMaterial", "XFMaterial\XFMaterial\XFMaterial.csproj", "{6B10B2D7-341B-441E-ADC3-40611F052E5F}"
EndProject
Project("{FAE04EC0-301F-11D3-BF4B-00C04F79EFBC}") = "XamarinDocs.Android", "XamarinDocs\XamarinDocs.Android\XamarinDocs.Android.csproj", "{6936A970-5326-44F5-B32C-C6809803FCAD}"
EndProject
Project("{FAE04EC0-301F-11D3-BF4B-00C04F79EFBC}") = "XamarinDocs.iOS", "XamarinDocs\XamarinDocs.iOS\XamarinDocs.iOS.csproj", "{C22450BD-557A-451F-AA5E-ABE2A8B4C74A}"
EndProject
Project("{FAE04EC0-301F-11D3-BF4B-00C04F79EFBC}") = "XamarinDocs", "XamarinDocs\XamarinDocs\XamarinDocs.csproj", "{0FC8EA73-D8F9-47FD-B727-87C9210E522A}"
EndProject
Global
	GlobalSection(SolutionConfigurationPlatforms) = preSolution
		Debug|Any CPU = Debug|Any CPU
		Debug|iPhone = Debug|iPhone
		Debug|iPhoneSimulator = Debug|iPhoneSimulator
		Release|Any CPU = Release|Any CPU
		Release|iPhone = Release|iPhone
		Release|iPhoneSimulator = Release|iPhoneSimulator
	EndGlobalSection
	GlobalSection(ProjectConfigurationPlatforms) = postSolution
		{E042D3E9-53B5-43C3-8B19-26504BECEFA1}.Debug|Any CPU.ActiveCfg = Debug|Any CPU
		{E042D3E9-53B5-43C3-8B19-26504BECEFA1}.Debug|Any CPU.Build.0 = Debug|Any CPU
		{E042D3E9-53B5-43C3-8B19-26504BECEFA1}.Debug|Any CPU.Deploy.0 = Debug|Any CPU
		{E042D3E9-53B5-43C3-8B19-26504BECEFA1}.Debug|iPhone.ActiveCfg = Debug|Any CPU
		{E042D3E9-53B5-43C3-8B19-26504BECEFA1}.Debug|iPhone.Build.0 = Debug|Any CPU
		{E042D3E9-53B5-43C3-8B19-26504BECEFA1}.Debug|iPhone.Deploy.0 = Debug|Any CPU
		{E042D3E9-53B5-43C3-8B19-26504BECEFA1}.Debug|iPhoneSimulator.ActiveCfg = Debug|Any CPU
		{E042D3E9-53B5-43C3-8B19-26504BECEFA1}.Debug|iPhoneSimulator.Build.0 = Debug|Any CPU
		{E042D3E9-53B5-43C3-8B19-26504BECEFA1}.Debug|iPhoneSimulator.Deploy.0 = Debug|Any CPU
		{E042D3E9-53B5-43C3-8B19-26504BECEFA1}.Release|Any CPU.ActiveCfg = Release|Any CPU
		{E042D3E9-53B5-43C3-8B19-26504BECEFA1}.Release|Any CPU.Build.0 = Release|Any CPU
		{E042D3E9-53B5-43C3-8B19-26504BECEFA1}.Release|Any CPU.Deploy.0 = Release|Any CPU
		{E042D3E9-53B5-43C3-8B19-26504BECEFA1}.Release|iPhone.ActiveCfg = Release|Any CPU
		{E042D3E9-53B5-43C3-8B19-26504BECEFA1}.Release|iPhone.Build.0 = Release|Any CPU
		{E042D3E9-53B5-43C3-8B19-26504BECEFA1}.Release|iPhone.Deploy.0 = Release|Any CPU
		{E042D3E9-53B5-43C3-8B19-26504BECEFA1}.Release|iPhoneSimulator.ActiveCfg = Release|Any CPU
		{E042D3E9-53B5-43C3-8B19-26504BECEFA1}.Release|iPhoneSimulator.Build.0 = Release|Any CPU
		{E042D3E9-53B5-43C3-8B19-26504BECEFA1}.Release|iPhoneSimulator.Deploy.0 = Release|Any CPU
		{40096324-F058-4A46-9060-098C235EFA0A}.Debug|Any CPU.ActiveCfg = Debug|iPhone
		{40096324-F058-4A46-9060-098C235EFA0A}.Debug|iPhone.ActiveCfg = Debug|iPhone
		{40096324-F058-4A46-9060-098C235EFA0A}.Debug|iPhone.Build.0 = Debug|iPhone
		{40096324-F058-4A46-9060-098C235EFA0A}.Debug|iPhoneSimulator.ActiveCfg = Debug|iPhoneSimulator
		{40096324-F058-4A46-9060-098C235EFA0A}.Debug|iPhoneSimulator.Build.0 = Debug|iPhoneSimulator
		{40096324-F058-4A46-9060-098C235EFA0A}.Release|Any CPU.ActiveCfg = Release|iPhone
		{40096324-F058-4A46-9060-098C235EFA0A}.Release|iPhone.ActiveCfg = Release|iPhone
		{40096324-F058-4A46-9060-098C235EFA0A}.Release|iPhone.Build.0 = Release|iPhone
		{40096324-F058-4A46-9060-098C235EFA0A}.Release|iPhoneSimulator.ActiveCfg = Release|iPhoneSimulator
		{40096324-F058-4A46-9060-098C235EFA0A}.Release|iPhoneSimulator.Build.0 = Release|iPhoneSimulator
		{8C44701E-69B6-40B1-B39D-60195CDCA2BF}.Debug|Any CPU.ActiveCfg = Debug|Any CPU
		{8C44701E-69B6-40B1-B39D-60195CDCA2BF}.Debug|Any CPU.Build.0 = Debug|Any CPU
		{8C44701E-69B6-40B1-B39D-60195CDCA2BF}.Debug|iPhone.ActiveCfg = Debug|Any CPU
		{8C44701E-69B6-40B1-B39D-60195CDCA2BF}.Debug|iPhone.Build.0 = Debug|Any CPU
		{8C44701E-69B6-40B1-B39D-60195CDCA2BF}.Debug|iPhoneSimulator.ActiveCfg = Debug|Any CPU
		{8C44701E-69B6-40B1-B39D-60195CDCA2BF}.Debug|iPhoneSimulator.Build.0 = Debug|Any CPU
		{8C44701E-69B6-40B1-B39D-60195CDCA2BF}.Release|Any CPU.ActiveCfg = Release|Any CPU
		{8C44701E-69B6-40B1-B39D-60195CDCA2BF}.Release|Any CPU.Build.0 = Release|Any CPU
		{8C44701E-69B6-40B1-B39D-60195CDCA2BF}.Release|iPhone.ActiveCfg = Release|Any CPU
		{8C44701E-69B6-40B1-B39D-60195CDCA2BF}.Release|iPhone.Build.0 = Release|Any CPU
		{8C44701E-69B6-40B1-B39D-60195CDCA2BF}.Release|iPhoneSimulator.ActiveCfg = Release|Any CPU
		{8C44701E-69B6-40B1-B39D-60195CDCA2BF}.Release|iPhoneSimulator.Build.0 = Release|Any CPU
		{7D662908-6F80-44E8-B40A-6F74D57D3EE8}.Debug|Any CPU.ActiveCfg = Debug|Any CPU
		{7D662908-6F80-44E8-B40A-6F74D57D3EE8}.Debug|Any CPU.Build.0 = Debug|Any CPU
		{7D662908-6F80-44E8-B40A-6F74D57D3EE8}.Debug|Any CPU.Deploy.0 = Debug|Any CPU
		{7D662908-6F80-44E8-B40A-6F74D57D3EE8}.Debug|iPhone.ActiveCfg = Debug|Any CPU
		{7D662908-6F80-44E8-B40A-6F74D57D3EE8}.Debug|iPhone.Build.0 = Debug|Any CPU
		{7D662908-6F80-44E8-B40A-6F74D57D3EE8}.Debug|iPhone.Deploy.0 = Debug|Any CPU
		{7D662908-6F80-44E8-B40A-6F74D57D3EE8}.Debug|iPhoneSimulator.ActiveCfg = Debug|Any CPU
		{7D662908-6F80-44E8-B40A-6F74D57D3EE8}.Debug|iPhoneSimulator.Build.0 = Debug|Any CPU
		{7D662908-6F80-44E8-B40A-6F74D57D3EE8}.Debug|iPhoneSimulator.Deploy.0 = Debug|Any CPU
		{7D662908-6F80-44E8-B40A-6F74D57D3EE8}.Release|Any CPU.ActiveCfg = Release|Any CPU
		{7D662908-6F80-44E8-B40A-6F74D57D3EE8}.Release|Any CPU.Build.0 = Release|Any CPU
		{7D662908-6F80-44E8-B40A-6F74D57D3EE8}.Release|Any CPU.Deploy.0 = Release|Any CPU
		{7D662908-6F80-44E8-B40A-6F74D57D3EE8}.Release|iPhone.ActiveCfg = Release|Any CPU
		{7D662908-6F80-44E8-B40A-6F74D57D3EE8}.Release|iPhone.Build.0 = Release|Any CPU
		{7D662908-6F80-44E8-B40A-6F74D57D3EE8}.Release|iPhone.Deploy.0 = Release|Any CPU
		{7D662908-6F80-44E8-B40A-6F74D57D3EE8}.Release|iPhoneSimulator.ActiveCfg = Release|Any CPU
		{7D662908-6F80-44E8-B40A-6F74D57D3EE8}.Release|iPhoneSimulator.Build.0 = Release|Any CPU
		{7D662908-6F80-44E8-B40A-6F74D57D3EE8}.Release|iPhoneSimulator.Deploy.0 = Release|Any CPU
		{55641B16-C1B1-46A3-941B-459BDAC80B6A}.Debug|Any CPU.ActiveCfg = Debug|iPhone
		{55641B16-C1B1-46A3-941B-459BDAC80B6A}.Debug|iPhone.ActiveCfg = Debug|iPhone
		{55641B16-C1B1-46A3-941B-459BDAC80B6A}.Debug|iPhone.Build.0 = Debug|iPhone
		{55641B16-C1B1-46A3-941B-459BDAC80B6A}.Debug|iPhoneSimulator.ActiveCfg = Debug|iPhoneSimulator
		{55641B16-C1B1-46A3-941B-459BDAC80B6A}.Debug|iPhoneSimulator.Build.0 = Debug|iPhoneSimulator
		{55641B16-C1B1-46A3-941B-459BDAC80B6A}.Release|Any CPU.ActiveCfg = Release|iPhone
		{55641B16-C1B1-46A3-941B-459BDAC80B6A}.Release|iPhone.ActiveCfg = Release|iPhone
		{55641B16-C1B1-46A3-941B-459BDAC80B6A}.Release|iPhone.Build.0 = Release|iPhone
		{55641B16-C1B1-46A3-941B-459BDAC80B6A}.Release|iPhoneSimulator.ActiveCfg = Release|iPhoneSimulator
		{55641B16-C1B1-46A3-941B-459BDAC80B6A}.Release|iPhoneSimulator.Build.0 = Release|iPhoneSimulator
		{6C46F275-19CB-4DCE-816B-84366253CE20}.Debug|Any CPU.ActiveCfg = Debug|Any CPU
		{6C46F275-19CB-4DCE-816B-84366253CE20}.Debug|Any CPU.Build.0 = Debug|Any CPU
		{6C46F275-19CB-4DCE-816B-84366253CE20}.Debug|iPhone.ActiveCfg = Debug|Any CPU
		{6C46F275-19CB-4DCE-816B-84366253CE20}.Debug|iPhone.Build.0 = Debug|Any CPU
		{6C46F275-19CB-4DCE-816B-84366253CE20}.Debug|iPhoneSimulator.ActiveCfg = Debug|Any CPU
		{6C46F275-19CB-4DCE-816B-84366253CE20}.Debug|iPhoneSimulator.Build.0 = Debug|Any CPU
		{6C46F275-19CB-4DCE-816B-84366253CE20}.Release|Any CPU.ActiveCfg = Release|Any CPU
		{6C46F275-19CB-4DCE-816B-84366253CE20}.Release|Any CPU.Build.0 = Release|Any CPU
		{6C46F275-19CB-4DCE-816B-84366253CE20}.Release|iPhone.ActiveCfg = Release|Any CPU
		{6C46F275-19CB-4DCE-816B-84366253CE20}.Release|iPhone.Build.0 = Release|Any CPU
		{6C46F275-19CB-4DCE-816B-84366253CE20}.Release|iPhoneSimulator.ActiveCfg = Release|Any CPU
		{6C46F275-19CB-4DCE-816B-84366253CE20}.Release|iPhoneSimulator.Build.0 = Release|Any CPU
		{874673E4-F0BA-4A90-817B-68FC53DE0F5A}.Debug|Any CPU.ActiveCfg = Debug|Any CPU
		{874673E4-F0BA-4A90-817B-68FC53DE0F5A}.Debug|Any CPU.Build.0 = Debug|Any CPU
		{874673E4-F0BA-4A90-817B-68FC53DE0F5A}.Debug|Any CPU.Deploy.0 = Debug|Any CPU
		{874673E4-F0BA-4A90-817B-68FC53DE0F5A}.Debug|iPhone.ActiveCfg = Debug|Any CPU
		{874673E4-F0BA-4A90-817B-68FC53DE0F5A}.Debug|iPhone.Build.0 = Debug|Any CPU
		{874673E4-F0BA-4A90-817B-68FC53DE0F5A}.Debug|iPhone.Deploy.0 = Debug|Any CPU
		{874673E4-F0BA-4A90-817B-68FC53DE0F5A}.Debug|iPhoneSimulator.ActiveCfg = Debug|Any CPU
		{874673E4-F0BA-4A90-817B-68FC53DE0F5A}.Debug|iPhoneSimulator.Build.0 = Debug|Any CPU
		{874673E4-F0BA-4A90-817B-68FC53DE0F5A}.Debug|iPhoneSimulator.Deploy.0 = Debug|Any CPU
		{874673E4-F0BA-4A90-817B-68FC53DE0F5A}.Release|Any CPU.ActiveCfg = Release|Any CPU
		{874673E4-F0BA-4A90-817B-68FC53DE0F5A}.Release|Any CPU.Build.0 = Release|Any CPU
		{874673E4-F0BA-4A90-817B-68FC53DE0F5A}.Release|Any CPU.Deploy.0 = Release|Any CPU
		{874673E4-F0BA-4A90-817B-68FC53DE0F5A}.Release|iPhone.ActiveCfg = Release|Any CPU
		{874673E4-F0BA-4A90-817B-68FC53DE0F5A}.Release|iPhone.Build.0 = Release|Any CPU
		{874673E4-F0BA-4A90-817B-68FC53DE0F5A}.Release|iPhone.Deploy.0 = Release|Any CPU
		{874673E4-F0BA-4A90-817B-68FC53DE0F5A}.Release|iPhoneSimulator.ActiveCfg = Release|Any CPU
		{874673E4-F0BA-4A90-817B-68FC53DE0F5A}.Release|iPhoneSimulator.Build.0 = Release|Any CPU
		{874673E4-F0BA-4A90-817B-68FC53DE0F5A}.Release|iPhoneSimulator.Deploy.0 = Release|Any CPU
		{CF8A7C3C-216F-490E-A950-BBBEA683A8A4}.Debug|Any CPU.ActiveCfg = Debug|iPhone
		{CF8A7C3C-216F-490E-A950-BBBEA683A8A4}.Debug|iPhone.ActiveCfg = Debug|iPhone
		{CF8A7C3C-216F-490E-A950-BBBEA683A8A4}.Debug|iPhone.Build.0 = Debug|iPhone
		{CF8A7C3C-216F-490E-A950-BBBEA683A8A4}.Debug|iPhoneSimulator.ActiveCfg = Debug|iPhoneSimulator
		{CF8A7C3C-216F-490E-A950-BBBEA683A8A4}.Debug|iPhoneSimulator.Build.0 = Debug|iPhoneSimulator
		{CF8A7C3C-216F-490E-A950-BBBEA683A8A4}.Release|Any CPU.ActiveCfg = Release|iPhone
		{CF8A7C3C-216F-490E-A950-BBBEA683A8A4}.Release|iPhone.ActiveCfg = Release|iPhone
		{CF8A7C3C-216F-490E-A950-BBBEA683A8A4}.Release|iPhone.Build.0 = Release|iPhone
		{CF8A7C3C-216F-490E-A950-BBBEA683A8A4}.Release|iPhoneSimulator.ActiveCfg = Release|iPhoneSimulator
		{CF8A7C3C-216F-490E-A950-BBBEA683A8A4}.Release|iPhoneSimulator.Build.0 = Release|iPhoneSimulator
		{A4CC9324-4AF0-470D-A195-4D1D0D55F925}.Debug|Any CPU.ActiveCfg = Debug|Any CPU
		{A4CC9324-4AF0-470D-A195-4D1D0D55F925}.Debug|Any CPU.Build.0 = Debug|Any CPU
		{A4CC9324-4AF0-470D-A195-4D1D0D55F925}.Debug|iPhone.ActiveCfg = Debug|Any CPU
		{A4CC9324-4AF0-470D-A195-4D1D0D55F925}.Debug|iPhone.Build.0 = Debug|Any CPU
		{A4CC9324-4AF0-470D-A195-4D1D0D55F925}.Debug|iPhoneSimulator.ActiveCfg = Debug|Any CPU
		{A4CC9324-4AF0-470D-A195-4D1D0D55F925}.Debug|iPhoneSimulator.Build.0 = Debug|Any CPU
		{A4CC9324-4AF0-470D-A195-4D1D0D55F925}.Release|Any CPU.ActiveCfg = Release|Any CPU
		{A4CC9324-4AF0-470D-A195-4D1D0D55F925}.Release|Any CPU.Build.0 = Release|Any CPU
		{A4CC9324-4AF0-470D-A195-4D1D0D55F925}.Release|iPhone.ActiveCfg = Release|Any CPU
		{A4CC9324-4AF0-470D-A195-4D1D0D55F925}.Release|iPhone.Build.0 = Release|Any CPU
		{A4CC9324-4AF0-470D-A195-4D1D0D55F925}.Release|iPhoneSimulator.ActiveCfg = Release|Any CPU
		{A4CC9324-4AF0-470D-A195-4D1D0D55F925}.Release|iPhoneSimulator.Build.0 = Release|Any CPU
		{A4132AD3-9315-400B-9C02-3B5F8F1AC19F}.Debug|Any CPU.ActiveCfg = Debug|Any CPU
		{A4132AD3-9315-400B-9C02-3B5F8F1AC19F}.Debug|Any CPU.Build.0 = Debug|Any CPU
		{A4132AD3-9315-400B-9C02-3B5F8F1AC19F}.Debug|Any CPU.Deploy.0 = Debug|Any CPU
		{A4132AD3-9315-400B-9C02-3B5F8F1AC19F}.Debug|iPhone.ActiveCfg = Debug|Any CPU
		{A4132AD3-9315-400B-9C02-3B5F8F1AC19F}.Debug|iPhone.Build.0 = Debug|Any CPU
		{A4132AD3-9315-400B-9C02-3B5F8F1AC19F}.Debug|iPhone.Deploy.0 = Debug|Any CPU
		{A4132AD3-9315-400B-9C02-3B5F8F1AC19F}.Debug|iPhoneSimulator.ActiveCfg = Debug|Any CPU
		{A4132AD3-9315-400B-9C02-3B5F8F1AC19F}.Debug|iPhoneSimulator.Build.0 = Debug|Any CPU
		{A4132AD3-9315-400B-9C02-3B5F8F1AC19F}.Debug|iPhoneSimulator.Deploy.0 = Debug|Any CPU
		{A4132AD3-9315-400B-9C02-3B5F8F1AC19F}.Release|Any CPU.ActiveCfg = Release|Any CPU
		{A4132AD3-9315-400B-9C02-3B5F8F1AC19F}.Release|Any CPU.Build.0 = Release|Any CPU
		{A4132AD3-9315-400B-9C02-3B5F8F1AC19F}.Release|Any CPU.Deploy.0 = Release|Any CPU
		{A4132AD3-9315-400B-9C02-3B5F8F1AC19F}.Release|iPhone.ActiveCfg = Release|Any CPU
		{A4132AD3-9315-400B-9C02-3B5F8F1AC19F}.Release|iPhone.Build.0 = Release|Any CPU
		{A4132AD3-9315-400B-9C02-3B5F8F1AC19F}.Release|iPhone.Deploy.0 = Release|Any CPU
		{A4132AD3-9315-400B-9C02-3B5F8F1AC19F}.Release|iPhoneSimulator.ActiveCfg = Release|Any CPU
		{A4132AD3-9315-400B-9C02-3B5F8F1AC19F}.Release|iPhoneSimulator.Build.0 = Release|Any CPU
		{A4132AD3-9315-400B-9C02-3B5F8F1AC19F}.Release|iPhoneSimulator.Deploy.0 = Release|Any CPU
		{1F141757-737C-4728-9A19-3C74EE167C43}.Debug|Any CPU.ActiveCfg = Debug|iPhone
		{1F141757-737C-4728-9A19-3C74EE167C43}.Debug|iPhone.ActiveCfg = Debug|iPhone
		{1F141757-737C-4728-9A19-3C74EE167C43}.Debug|iPhone.Build.0 = Debug|iPhone
		{1F141757-737C-4728-9A19-3C74EE167C43}.Debug|iPhoneSimulator.ActiveCfg = Debug|iPhoneSimulator
		{1F141757-737C-4728-9A19-3C74EE167C43}.Debug|iPhoneSimulator.Build.0 = Debug|iPhoneSimulator
		{1F141757-737C-4728-9A19-3C74EE167C43}.Release|Any CPU.ActiveCfg = Release|iPhone
		{1F141757-737C-4728-9A19-3C74EE167C43}.Release|iPhone.ActiveCfg = Release|iPhone
		{1F141757-737C-4728-9A19-3C74EE167C43}.Release|iPhone.Build.0 = Release|iPhone
		{1F141757-737C-4728-9A19-3C74EE167C43}.Release|iPhoneSimulator.ActiveCfg = Release|iPhoneSimulator
		{1F141757-737C-4728-9A19-3C74EE167C43}.Release|iPhoneSimulator.Build.0 = Release|iPhoneSimulator
		{489CBF89-9086-4710-8EBE-C32F32B35BFD}.Debug|Any CPU.ActiveCfg = Debug|Any CPU
		{489CBF89-9086-4710-8EBE-C32F32B35BFD}.Debug|Any CPU.Build.0 = Debug|Any CPU
		{489CBF89-9086-4710-8EBE-C32F32B35BFD}.Debug|iPhone.ActiveCfg = Debug|Any CPU
		{489CBF89-9086-4710-8EBE-C32F32B35BFD}.Debug|iPhone.Build.0 = Debug|Any CPU
		{489CBF89-9086-4710-8EBE-C32F32B35BFD}.Debug|iPhoneSimulator.ActiveCfg = Debug|Any CPU
		{489CBF89-9086-4710-8EBE-C32F32B35BFD}.Debug|iPhoneSimulator.Build.0 = Debug|Any CPU
		{489CBF89-9086-4710-8EBE-C32F32B35BFD}.Release|Any CPU.ActiveCfg = Release|Any CPU
		{489CBF89-9086-4710-8EBE-C32F32B35BFD}.Release|Any CPU.Build.0 = Release|Any CPU
		{489CBF89-9086-4710-8EBE-C32F32B35BFD}.Release|iPhone.ActiveCfg = Release|Any CPU
		{489CBF89-9086-4710-8EBE-C32F32B35BFD}.Release|iPhone.Build.0 = Release|Any CPU
		{489CBF89-9086-4710-8EBE-C32F32B35BFD}.Release|iPhoneSimulator.ActiveCfg = Release|Any CPU
		{489CBF89-9086-4710-8EBE-C32F32B35BFD}.Release|iPhoneSimulator.Build.0 = Release|Any CPU
		{D08D8DF0-43DA-4C76-983C-1D0F55599EAD}.Debug|Any CPU.ActiveCfg = Debug|Any CPU
		{D08D8DF0-43DA-4C76-983C-1D0F55599EAD}.Debug|Any CPU.Build.0 = Debug|Any CPU
		{D08D8DF0-43DA-4C76-983C-1D0F55599EAD}.Debug|Any CPU.Deploy.0 = Debug|Any CPU
		{D08D8DF0-43DA-4C76-983C-1D0F55599EAD}.Debug|iPhone.ActiveCfg = Debug|Any CPU
		{D08D8DF0-43DA-4C76-983C-1D0F55599EAD}.Debug|iPhone.Build.0 = Debug|Any CPU
		{D08D8DF0-43DA-4C76-983C-1D0F55599EAD}.Debug|iPhone.Deploy.0 = Debug|Any CPU
		{D08D8DF0-43DA-4C76-983C-1D0F55599EAD}.Debug|iPhoneSimulator.ActiveCfg = Debug|Any CPU
		{D08D8DF0-43DA-4C76-983C-1D0F55599EAD}.Debug|iPhoneSimulator.Build.0 = Debug|Any CPU
		{D08D8DF0-43DA-4C76-983C-1D0F55599EAD}.Debug|iPhoneSimulator.Deploy.0 = Debug|Any CPU
		{D08D8DF0-43DA-4C76-983C-1D0F55599EAD}.Release|Any CPU.ActiveCfg = Release|Any CPU
		{D08D8DF0-43DA-4C76-983C-1D0F55599EAD}.Release|Any CPU.Build.0 = Release|Any CPU
		{D08D8DF0-43DA-4C76-983C-1D0F55599EAD}.Release|Any CPU.Deploy.0 = Release|Any CPU
		{D08D8DF0-43DA-4C76-983C-1D0F55599EAD}.Release|iPhone.ActiveCfg = Release|Any CPU
		{D08D8DF0-43DA-4C76-983C-1D0F55599EAD}.Release|iPhone.Build.0 = Release|Any CPU
		{D08D8DF0-43DA-4C76-983C-1D0F55599EAD}.Release|iPhone.Deploy.0 = Release|Any CPU
		{D08D8DF0-43DA-4C76-983C-1D0F55599EAD}.Release|iPhoneSimulator.ActiveCfg = Release|Any CPU
		{D08D8DF0-43DA-4C76-983C-1D0F55599EAD}.Release|iPhoneSimulator.Build.0 = Release|Any CPU
		{D08D8DF0-43DA-4C76-983C-1D0F55599EAD}.Release|iPhoneSimulator.Deploy.0 = Release|Any CPU
		{ACF367E5-D48E-4382-9E00-C3340A6F5561}.Debug|Any CPU.ActiveCfg = Debug|iPhone
		{ACF367E5-D48E-4382-9E00-C3340A6F5561}.Debug|iPhone.ActiveCfg = Debug|iPhone
		{ACF367E5-D48E-4382-9E00-C3340A6F5561}.Debug|iPhone.Build.0 = Debug|iPhone
		{ACF367E5-D48E-4382-9E00-C3340A6F5561}.Debug|iPhoneSimulator.ActiveCfg = Debug|iPhoneSimulator
		{ACF367E5-D48E-4382-9E00-C3340A6F5561}.Debug|iPhoneSimulator.Build.0 = Debug|iPhoneSimulator
		{ACF367E5-D48E-4382-9E00-C3340A6F5561}.Release|Any CPU.ActiveCfg = Release|iPhone
		{ACF367E5-D48E-4382-9E00-C3340A6F5561}.Release|iPhone.ActiveCfg = Release|iPhone
		{ACF367E5-D48E-4382-9E00-C3340A6F5561}.Release|iPhone.Build.0 = Release|iPhone
		{ACF367E5-D48E-4382-9E00-C3340A6F5561}.Release|iPhoneSimulator.ActiveCfg = Release|iPhoneSimulator
		{ACF367E5-D48E-4382-9E00-C3340A6F5561}.Release|iPhoneSimulator.Build.0 = Release|iPhoneSimulator
		{1EC7FFBD-0F20-41CA-98CE-A558D6CC9EDD}.Debug|Any CPU.ActiveCfg = Debug|Any CPU
		{1EC7FFBD-0F20-41CA-98CE-A558D6CC9EDD}.Debug|Any CPU.Build.0 = Debug|Any CPU
		{1EC7FFBD-0F20-41CA-98CE-A558D6CC9EDD}.Debug|iPhone.ActiveCfg = Debug|Any CPU
		{1EC7FFBD-0F20-41CA-98CE-A558D6CC9EDD}.Debug|iPhone.Build.0 = Debug|Any CPU
		{1EC7FFBD-0F20-41CA-98CE-A558D6CC9EDD}.Debug|iPhoneSimulator.ActiveCfg = Debug|Any CPU
		{1EC7FFBD-0F20-41CA-98CE-A558D6CC9EDD}.Debug|iPhoneSimulator.Build.0 = Debug|Any CPU
		{1EC7FFBD-0F20-41CA-98CE-A558D6CC9EDD}.Release|Any CPU.ActiveCfg = Release|Any CPU
		{1EC7FFBD-0F20-41CA-98CE-A558D6CC9EDD}.Release|Any CPU.Build.0 = Release|Any CPU
		{1EC7FFBD-0F20-41CA-98CE-A558D6CC9EDD}.Release|iPhone.ActiveCfg = Release|Any CPU
		{1EC7FFBD-0F20-41CA-98CE-A558D6CC9EDD}.Release|iPhone.Build.0 = Release|Any CPU
		{1EC7FFBD-0F20-41CA-98CE-A558D6CC9EDD}.Release|iPhoneSimulator.ActiveCfg = Release|Any CPU
		{1EC7FFBD-0F20-41CA-98CE-A558D6CC9EDD}.Release|iPhoneSimulator.Build.0 = Release|Any CPU
		{EF2722C9-185E-4D5A-A8E8-6115A202C010}.Debug|Any CPU.ActiveCfg = Debug|Any CPU
		{EF2722C9-185E-4D5A-A8E8-6115A202C010}.Debug|Any CPU.Build.0 = Debug|Any CPU
		{EF2722C9-185E-4D5A-A8E8-6115A202C010}.Debug|Any CPU.Deploy.0 = Debug|Any CPU
		{EF2722C9-185E-4D5A-A8E8-6115A202C010}.Debug|iPhone.ActiveCfg = Debug|Any CPU
		{EF2722C9-185E-4D5A-A8E8-6115A202C010}.Debug|iPhone.Build.0 = Debug|Any CPU
		{EF2722C9-185E-4D5A-A8E8-6115A202C010}.Debug|iPhone.Deploy.0 = Debug|Any CPU
		{EF2722C9-185E-4D5A-A8E8-6115A202C010}.Debug|iPhoneSimulator.ActiveCfg = Debug|Any CPU
		{EF2722C9-185E-4D5A-A8E8-6115A202C010}.Debug|iPhoneSimulator.Build.0 = Debug|Any CPU
		{EF2722C9-185E-4D5A-A8E8-6115A202C010}.Debug|iPhoneSimulator.Deploy.0 = Debug|Any CPU
		{EF2722C9-185E-4D5A-A8E8-6115A202C010}.Release|Any CPU.ActiveCfg = Release|Any CPU
		{EF2722C9-185E-4D5A-A8E8-6115A202C010}.Release|Any CPU.Build.0 = Release|Any CPU
		{EF2722C9-185E-4D5A-A8E8-6115A202C010}.Release|Any CPU.Deploy.0 = Release|Any CPU
		{EF2722C9-185E-4D5A-A8E8-6115A202C010}.Release|iPhone.ActiveCfg = Release|Any CPU
		{EF2722C9-185E-4D5A-A8E8-6115A202C010}.Release|iPhone.Build.0 = Release|Any CPU
		{EF2722C9-185E-4D5A-A8E8-6115A202C010}.Release|iPhone.Deploy.0 = Release|Any CPU
		{EF2722C9-185E-4D5A-A8E8-6115A202C010}.Release|iPhoneSimulator.ActiveCfg = Release|Any CPU
		{EF2722C9-185E-4D5A-A8E8-6115A202C010}.Release|iPhoneSimulator.Build.0 = Release|Any CPU
		{EF2722C9-185E-4D5A-A8E8-6115A202C010}.Release|iPhoneSimulator.Deploy.0 = Release|Any CPU
		{3BA70624-939C-4139-AB2E-C58F355E969F}.Debug|Any CPU.ActiveCfg = Debug|iPhone
		{3BA70624-939C-4139-AB2E-C58F355E969F}.Debug|iPhone.ActiveCfg = Debug|iPhone
		{3BA70624-939C-4139-AB2E-C58F355E969F}.Debug|iPhone.Build.0 = Debug|iPhone
		{3BA70624-939C-4139-AB2E-C58F355E969F}.Debug|iPhoneSimulator.ActiveCfg = Debug|iPhoneSimulator
		{3BA70624-939C-4139-AB2E-C58F355E969F}.Debug|iPhoneSimulator.Build.0 = Debug|iPhoneSimulator
		{3BA70624-939C-4139-AB2E-C58F355E969F}.Release|Any CPU.ActiveCfg = Release|iPhone
		{3BA70624-939C-4139-AB2E-C58F355E969F}.Release|iPhone.ActiveCfg = Release|iPhone
		{3BA70624-939C-4139-AB2E-C58F355E969F}.Release|iPhone.Build.0 = Release|iPhone
		{3BA70624-939C-4139-AB2E-C58F355E969F}.Release|iPhoneSimulator.ActiveCfg = Release|iPhoneSimulator
		{3BA70624-939C-4139-AB2E-C58F355E969F}.Release|iPhoneSimulator.Build.0 = Release|iPhoneSimulator
		{6B10B2D7-341B-441E-ADC3-40611F052E5F}.Debug|Any CPU.ActiveCfg = Debug|Any CPU
		{6B10B2D7-341B-441E-ADC3-40611F052E5F}.Debug|Any CPU.Build.0 = Debug|Any CPU
		{6B10B2D7-341B-441E-ADC3-40611F052E5F}.Debug|iPhone.ActiveCfg = Debug|Any CPU
		{6B10B2D7-341B-441E-ADC3-40611F052E5F}.Debug|iPhone.Build.0 = Debug|Any CPU
		{6B10B2D7-341B-441E-ADC3-40611F052E5F}.Debug|iPhoneSimulator.ActiveCfg = Debug|Any CPU
		{6B10B2D7-341B-441E-ADC3-40611F052E5F}.Debug|iPhoneSimulator.Build.0 = Debug|Any CPU
		{6B10B2D7-341B-441E-ADC3-40611F052E5F}.Release|Any CPU.ActiveCfg = Release|Any CPU
		{6B10B2D7-341B-441E-ADC3-40611F052E5F}.Release|Any CPU.Build.0 = Release|Any CPU
		{6B10B2D7-341B-441E-ADC3-40611F052E5F}.Release|iPhone.ActiveCfg = Release|Any CPU
		{6B10B2D7-341B-441E-ADC3-40611F052E5F}.Release|iPhone.Build.0 = Release|Any CPU
		{6B10B2D7-341B-441E-ADC3-40611F052E5F}.Release|iPhoneSimulator.ActiveCfg = Release|Any CPU
		{6B10B2D7-341B-441E-ADC3-40611F052E5F}.Release|iPhoneSimulator.Build.0 = Release|Any CPU
		{6936A970-5326-44F5-B32C-C6809803FCAD}.Debug|Any CPU.ActiveCfg = Debug|Any CPU
		{6936A970-5326-44F5-B32C-C6809803FCAD}.Debug|Any CPU.Build.0 = Debug|Any CPU
		{6936A970-5326-44F5-B32C-C6809803FCAD}.Debug|Any CPU.Deploy.0 = Debug|Any CPU
		{6936A970-5326-44F5-B32C-C6809803FCAD}.Debug|iPhone.ActiveCfg = Debug|Any CPU
		{6936A970-5326-44F5-B32C-C6809803FCAD}.Debug|iPhone.Build.0 = Debug|Any CPU
		{6936A970-5326-44F5-B32C-C6809803FCAD}.Debug|iPhone.Deploy.0 = Debug|Any CPU
		{6936A970-5326-44F5-B32C-C6809803FCAD}.Debug|iPhoneSimulator.ActiveCfg = Debug|Any CPU
		{6936A970-5326-44F5-B32C-C6809803FCAD}.Debug|iPhoneSimulator.Build.0 = Debug|Any CPU
		{6936A970-5326-44F5-B32C-C6809803FCAD}.Debug|iPhoneSimulator.Deploy.0 = Debug|Any CPU
		{6936A970-5326-44F5-B32C-C6809803FCAD}.Release|Any CPU.ActiveCfg = Release|Any CPU
		{6936A970-5326-44F5-B32C-C6809803FCAD}.Release|Any CPU.Build.0 = Release|Any CPU
		{6936A970-5326-44F5-B32C-C6809803FCAD}.Release|Any CPU.Deploy.0 = Release|Any CPU
		{6936A970-5326-44F5-B32C-C6809803FCAD}.Release|iPhone.ActiveCfg = Release|Any CPU
		{6936A970-5326-44F5-B32C-C6809803FCAD}.Release|iPhone.Build.0 = Release|Any CPU
		{6936A970-5326-44F5-B32C-C6809803FCAD}.Release|iPhone.Deploy.0 = Release|Any CPU
		{6936A970-5326-44F5-B32C-C6809803FCAD}.Release|iPhoneSimulator.ActiveCfg = Release|Any CPU
		{6936A970-5326-44F5-B32C-C6809803FCAD}.Release|iPhoneSimulator.Build.0 = Release|Any CPU
		{6936A970-5326-44F5-B32C-C6809803FCAD}.Release|iPhoneSimulator.Deploy.0 = Release|Any CPU
		{C22450BD-557A-451F-AA5E-ABE2A8B4C74A}.Debug|Any CPU.ActiveCfg = Debug|iPhone
		{C22450BD-557A-451F-AA5E-ABE2A8B4C74A}.Debug|iPhone.ActiveCfg = Debug|iPhone
		{C22450BD-557A-451F-AA5E-ABE2A8B4C74A}.Debug|iPhone.Build.0 = Debug|iPhone
		{C22450BD-557A-451F-AA5E-ABE2A8B4C74A}.Debug|iPhoneSimulator.ActiveCfg = Debug|iPhoneSimulator
		{C22450BD-557A-451F-AA5E-ABE2A8B4C74A}.Debug|iPhoneSimulator.Build.0 = Debug|iPhoneSimulator
		{C22450BD-557A-451F-AA5E-ABE2A8B4C74A}.Release|Any CPU.ActiveCfg = Release|iPhone
		{C22450BD-557A-451F-AA5E-ABE2A8B4C74A}.Release|iPhone.ActiveCfg = Release|iPhone
		{C22450BD-557A-451F-AA5E-ABE2A8B4C74A}.Release|iPhone.Build.0 = Release|iPhone
		{C22450BD-557A-451F-AA5E-ABE2A8B4C74A}.Release|iPhoneSimulator.ActiveCfg = Release|iPhoneSimulator
		{C22450BD-557A-451F-AA5E-ABE2A8B4C74A}.Release|iPhoneSimulator.Build.0 = Release|iPhoneSimulator
		{0FC8EA73-D8F9-47FD-B727-87C9210E522A}.Debug|Any CPU.ActiveCfg = Debug|Any CPU
		{0FC8EA73-D8F9-47FD-B727-87C9210E522A}.Debug|Any CPU.Build.0 = Debug|Any CPU
		{0FC8EA73-D8F9-47FD-B727-87C9210E522A}.Debug|iPhone.ActiveCfg = Debug|Any CPU
		{0FC8EA73-D8F9-47FD-B727-87C9210E522A}.Debug|iPhone.Build.0 = Debug|Any CPU
		{0FC8EA73-D8F9-47FD-B727-87C9210E522A}.Debug|iPhoneSimulator.ActiveCfg = Debug|Any CPU
		{0FC8EA73-D8F9-47FD-B727-87C9210E522A}.Debug|iPhoneSimulator.Build.0 = Debug|Any CPU
		{0FC8EA73-D8F9-47FD-B727-87C9210E522A}.Release|Any CPU.ActiveCfg = Release|Any CPU
		{0FC8EA73-D8F9-47FD-B727-87C9210E522A}.Release|Any CPU.Build.0 = Release|Any CPU
		{0FC8EA73-D8F9-47FD-B727-87C9210E522A}.Release|iPhone.ActiveCfg = Release|Any CPU
		{0FC8EA73-D8F9-47FD-B727-87C9210E522A}.Release|iPhone.Build.0 = Release|Any CPU
		{0FC8EA73-D8F9-47FD-B727-87C9210E522A}.Release|iPhoneSimulator.ActiveCfg = Release|Any CPU
		{0FC8EA73-D8F9-47FD-B727-87C9210E522A}.Release|iPhoneSimulator.Build.0 = Release|Any CPU
	EndGlobalSection
	GlobalSection(SolutionProperties) = preSolution
		HideSolutionNode = FALSE
	EndGlobalSection
	GlobalSection(ExtensibilityGlobals) = postSolution
		SolutionGuid = {A9DF6469-CEA8-4E59-95D3-88D7019499E9}
	EndGlobalSection
EndGlobal
