
Microsoft Visual Studio Solution File, Format Version 12.00
# Visual Studio Version 16
VisualStudioVersion = 16.0.28729.10
MinimumVisualStudioVersion = 10.0.40219.1
Project("{FAE04EC0-301F-11D3-BF4B-00C04F79EFBC}") = "XF_Login.Android", "XF_Login\XF_Login.Android\XF_Login.Android.csproj", "{E042D3E9-53B5-43C3-8B19-26504BECEFA1}"
EndProject
Project("{FAE04EC0-301F-11D3-BF4B-00C04F79EFBC}") = "XF_Login.iOS", "XF_Login\XF_Login.iOS\XF_Login.iOS.csproj", "{40096324-F058-4A46-9060-098C235EFA0A}"
EndProject
Project("{9A19103F-16F7-4668-BE54-9A1E7A4F7556}") = "XF_Login", "XF_Login\XF_Login\XF_Login.csproj", "{8C44701E-69B6-40B1-B39D-60195CDCA2BF}"
EndProject
Global
	GlobalSection(SolutionConfigurationPlatforms) = preSolution
		Debug|Any CPU = Debug|Any CPU
		Debug|iPhone = Debug|iPhone
		Debug|iPhoneSimulator = Debug|iPhoneSimulator
		Release|Any CPU = Release|Any CPU
		Release|iPhone = Release|iPhone
		Release|iPhoneSimulator = Release|iPhoneSimulator
	EndGlobalSection
	GlobalSection(ProjectConfigurationPlatforms) = postSolution
		{E042D3E9-53B5-43C3-8B19-26504BECEFA1}.Debug|Any CPU.ActiveCfg = Debug|Any CPU
		{E042D3E9-53B5-43C3-8B19-26504BECEFA1}.Debug|Any CPU.Build.0 = Debug|Any CPU
		{E042D3E9-53B5-43C3-8B19-26504BECEFA1}.Debug|Any CPU.Deploy.0 = Debug|Any CPU
		{E042D3E9-53B5-43C3-8B19-26504BECEFA1}.Debug|iPhone.ActiveCfg = Debug|Any CPU
		{E042D3E9-53B5-43C3-8B19-26504BECEFA1}.Debug|iPhone.Build.0 = Debug|Any CPU
		{E042D3E9-53B5-43C3-8B19-26504BECEFA1}.Debug|iPhone.Deploy.0 = Debug|Any CPU
		{E042D3E9-53B5-43C3-8B19-26504BECEFA1}.Debug|iPhoneSimulator.ActiveCfg = Debug|Any CPU
		{E042D3E9-53B5-43C3-8B19-26504BECEFA1}.Debug|iPhoneSimulator.Build.0 = Debug|Any CPU
		{E042D3E9-53B5-43C3-8B19-26504BECEFA1}.Debug|iPhoneSimulator.Deploy.0 = Debug|Any CPU
		{E042D3E9-53B5-43C3-8B19-26504BECEFA1}.Release|Any CPU.ActiveCfg = Release|Any CPU
		{E042D3E9-53B5-43C3-8B19-26504BECEFA1}.Release|Any CPU.Build.0 = Release|Any CPU
		{E042D3E9-53B5-43C3-8B19-26504BECEFA1}.Release|Any CPU.Deploy.0 = Release|Any CPU
		{E042D3E9-53B5-43C3-8B19-26504BECEFA1}.Release|iPhone.ActiveCfg = Release|Any CPU
		{E042D3E9-53B5-43C3-8B19-26504BECEFA1}.Release|iPhone.Build.0 = Release|Any CPU
		{E042D3E9-53B5-43C3-8B19-26504BECEFA1}.Release|iPhone.Deploy.0 = Release|Any CPU
		{E042D3E9-53B5-43C3-8B19-26504BECEFA1}.Release|iPhoneSimulator.ActiveCfg = Release|Any CPU
		{E042D3E9-53B5-43C3-8B19-26504BECEFA1}.Release|iPhoneSimulator.Build.0 = Release|Any CPU
		{E042D3E9-53B5-43C3-8B19-26504BECEFA1}.Release|iPhoneSimulator.Deploy.0 = Release|Any CPU
		{40096324-F058-4A46-9060-098C235EFA0A}.Debug|Any CPU.ActiveCfg = Debug|iPhone
		{40096324-F058-4A46-9060-098C235EFA0A}.Debug|iPhone.ActiveCfg = Debug|iPhone
		{40096324-F058-4A46-9060-098C235EFA0A}.Debug|iPhone.Build.0 = Debug|iPhone
		{40096324-F058-4A46-9060-098C235EFA0A}.Debug|iPhoneSimulator.ActiveCfg = Debug|iPhoneSimulator
		{40096324-F058-4A46-9060-098C235EFA0A}.Debug|iPhoneSimulator.Build.0 = Debug|iPhoneSimulator
		{40096324-F058-4A46-9060-098C235EFA0A}.Release|Any CPU.ActiveCfg = Release|iPhone
		{40096324-F058-4A46-9060-098C235EFA0A}.Release|iPhone.ActiveCfg = Release|iPhone
		{40096324-F058-4A46-9060-098C235EFA0A}.Release|iPhone.Build.0 = Release|iPhone
		{40096324-F058-4A46-9060-098C235EFA0A}.Release|iPhoneSimulator.ActiveCfg = Release|iPhoneSimulator
		{40096324-F058-4A46-9060-098C235EFA0A}.Release|iPhoneSimulator.Build.0 = Release|iPhoneSimulator
		{8C44701E-69B6-40B1-B39D-60195CDCA2BF}.Debug|Any CPU.ActiveCfg = Debug|Any CPU
		{8C44701E-69B6-40B1-B39D-60195CDCA2BF}.Debug|Any CPU.Build.0 = Debug|Any CPU
		{8C44701E-69B6-40B1-B39D-60195CDCA2BF}.Debug|iPhone.ActiveCfg = Debug|Any CPU
		{8C44701E-69B6-40B1-B39D-60195CDCA2BF}.Debug|iPhone.Build.0 = Debug|Any CPU
		{8C44701E-69B6-40B1-B39D-60195CDCA2BF}.Debug|iPhoneSimulator.ActiveCfg = Debug|Any CPU
		{8C44701E-69B6-40B1-B39D-60195CDCA2BF}.Debug|iPhoneSimulator.Build.0 = Debug|Any CPU
		{8C44701E-69B6-40B1-B39D-60195CDCA2BF}.Release|Any CPU.ActiveCfg = Release|Any CPU
		{8C44701E-69B6-40B1-B39D-60195CDCA2BF}.Release|Any CPU.Build.0 = Release|Any CPU
		{8C44701E-69B6-40B1-B39D-60195CDCA2BF}.Release|iPhone.ActiveCfg = Release|Any CPU
		{8C44701E-69B6-40B1-B39D-60195CDCA2BF}.Release|iPhone.Build.0 = Release|Any CPU
		{8C44701E-69B6-40B1-B39D-60195CDCA2BF}.Release|iPhoneSimulator.ActiveCfg = Release|Any CPU
		{8C44701E-69B6-40B1-B39D-60195CDCA2BF}.Release|iPhoneSimulator.Build.0 = Release|Any CPU
	EndGlobalSection
	GlobalSection(SolutionProperties) = preSolution
		HideSolutionNode = FALSE
	EndGlobalSection
	GlobalSection(ExtensibilityGlobals) = postSolution
		SolutionGuid = {A9DF6469-CEA8-4E59-95D3-88D7019499E9}
	EndGlobalSection
EndGlobal
